
Microsoft Visual Studio Solution File, Format Version 12.00
# Visual Studio Version 17
VisualStudioVersion = 17.8.34309.116
MinimumVisualStudioVersion = 10.0.40219.1
Project("{FAE04EC0-301F-11D3-BF4B-00C04F79EFBC}") = "BitcoinApp", "BitcoinApp.csproj", "{870C24CA-C168-40FF-81C1-60B11C2C5FD5}"
EndProject
Global
	GlobalSection(SolutionConfigurationPlatforms) = preSolution
		Debug|Any CPU = Debug|Any CPU
		Release|Any CPU = Release|Any CPU
	EndGlobalSection
	GlobalSection(ProjectConfigurationPlatforms) = postSolution
		{870C24CA-C168-40FF-81C1-60B11C2C5FD5}.Debug|Any CPU.ActiveCfg = Debug|Any CPU
		{870C24CA-C168-40FF-81C1-60B11C2C5FD5}.Debug|Any CPU.Build.0 = Debug|Any CPU
		{870C24CA-C168-40FF-81C1-60B11C2C5FD5}.Release|Any CPU.ActiveCfg = Release|Any CPU
		{870C24CA-C168-40FF-81C1-60B11C2C5FD5}.Release|Any CPU.Build.0 = Release|Any CPU
	EndGlobalSection
	GlobalSection(SolutionProperties) = preSolution
		HideSolutionNode = FALSE
	EndGlobalSection
	GlobalSection(ExtensibilityGlobals) = postSolution
		SolutionGuid = {63ED64A6-644D-4138-ABD3-40A2D096B805}
	EndGlobalSection
EndGlobal
